
Microsoft Visual Studio Solution File, Format Version 12.00
# Visual Studio Version 16
VisualStudioVersion = 16.0.29009.5
MinimumVisualStudioVersion = 10.0.40219.1
Project("{FAE04EC0-301F-11D3-BF4B-00C04F79EFBC}") = "1000_zadach_po_programmirovaniyu_FOR", "1000_zadach_po_programmirovaniyu_FOR\1000_zadach_po_programmirovaniyu_FOR.csproj", "{B565A795-7997-44EF-AAB5-0F31831AF4A9}"
EndProject
Project("{FAE04EC0-301F-11D3-BF4B-00C04F79EFBC}") = "001_FOR", "001_FOR\001_FOR.csproj", "{67B973B3-0C4D-4552-83C9-9B5F7F419E4A}"
EndProject
Project("{FAE04EC0-301F-11D3-BF4B-00C04F79EFBC}") = "002_FOR", "002_FOR\002_FOR.csproj", "{6C90291B-5873-456B-9A5E-8EADC1D78707}"
EndProject
Project("{FAE04EC0-301F-11D3-BF4B-00C04F79EFBC}") = "003_FOR", "003_FOR\003_FOR.csproj", "{0B1118D3-512D-4189-B131-C2ECF0E377C5}"
EndProject
Project("{FAE04EC0-301F-11D3-BF4B-00C04F79EFBC}") = "004_FOR", "004_FOR\004_FOR.csproj", "{5F09903D-E4FC-49FF-9858-F121EF07A0E3}"
EndProject
Project("{FAE04EC0-301F-11D3-BF4B-00C04F79EFBC}") = "005_FOR", "005_FOR\005_FOR.csproj", "{0253C92D-9960-4EFE-B5EA-AF198D0B1AA9}"
EndProject
Project("{FAE04EC0-301F-11D3-BF4B-00C04F79EFBC}") = "006_FOR", "006_FOR\006_FOR.csproj", "{6BE4D166-1784-426F-850D-3722B1E12A32}"
EndProject
Global
	GlobalSection(SolutionConfigurationPlatforms) = preSolution
		Debug|Any CPU = Debug|Any CPU
		Release|Any CPU = Release|Any CPU
	EndGlobalSection
	GlobalSection(ProjectConfigurationPlatforms) = postSolution
		{B565A795-7997-44EF-AAB5-0F31831AF4A9}.Debug|Any CPU.ActiveCfg = Debug|Any CPU
		{B565A795-7997-44EF-AAB5-0F31831AF4A9}.Debug|Any CPU.Build.0 = Debug|Any CPU
		{B565A795-7997-44EF-AAB5-0F31831AF4A9}.Release|Any CPU.ActiveCfg = Release|Any CPU
		{B565A795-7997-44EF-AAB5-0F31831AF4A9}.Release|Any CPU.Build.0 = Release|Any CPU
		{67B973B3-0C4D-4552-83C9-9B5F7F419E4A}.Debug|Any CPU.ActiveCfg = Debug|Any CPU
		{67B973B3-0C4D-4552-83C9-9B5F7F419E4A}.Debug|Any CPU.Build.0 = Debug|Any CPU
		{67B973B3-0C4D-4552-83C9-9B5F7F419E4A}.Release|Any CPU.ActiveCfg = Release|Any CPU
		{67B973B3-0C4D-4552-83C9-9B5F7F419E4A}.Release|Any CPU.Build.0 = Release|Any CPU
		{6C90291B-5873-456B-9A5E-8EADC1D78707}.Debug|Any CPU.ActiveCfg = Debug|Any CPU
		{6C90291B-5873-456B-9A5E-8EADC1D78707}.Debug|Any CPU.Build.0 = Debug|Any CPU
		{6C90291B-5873-456B-9A5E-8EADC1D78707}.Release|Any CPU.ActiveCfg = Release|Any CPU
		{6C90291B-5873-456B-9A5E-8EADC1D78707}.Release|Any CPU.Build.0 = Release|Any CPU
		{0B1118D3-512D-4189-B131-C2ECF0E377C5}.Debug|Any CPU.ActiveCfg = Debug|Any CPU
		{0B1118D3-512D-4189-B131-C2ECF0E377C5}.Debug|Any CPU.Build.0 = Debug|Any CPU
		{0B1118D3-512D-4189-B131-C2ECF0E377C5}.Release|Any CPU.ActiveCfg = Release|Any CPU
		{0B1118D3-512D-4189-B131-C2ECF0E377C5}.Release|Any CPU.Build.0 = Release|Any CPU
		{5F09903D-E4FC-49FF-9858-F121EF07A0E3}.Debug|Any CPU.ActiveCfg = Debug|Any CPU
		{5F09903D-E4FC-49FF-9858-F121EF07A0E3}.Debug|Any CPU.Build.0 = Debug|Any CPU
		{5F09903D-E4FC-49FF-9858-F121EF07A0E3}.Release|Any CPU.ActiveCfg = Release|Any CPU
		{5F09903D-E4FC-49FF-9858-F121EF07A0E3}.Release|Any CPU.Build.0 = Release|Any CPU
		{0253C92D-9960-4EFE-B5EA-AF198D0B1AA9}.Debug|Any CPU.ActiveCfg = Debug|Any CPU
		{0253C92D-9960-4EFE-B5EA-AF198D0B1AA9}.Debug|Any CPU.Build.0 = Debug|Any CPU
		{0253C92D-9960-4EFE-B5EA-AF198D0B1AA9}.Release|Any CPU.ActiveCfg = Release|Any CPU
		{0253C92D-9960-4EFE-B5EA-AF198D0B1AA9}.Release|Any CPU.Build.0 = Release|Any CPU
		{6BE4D166-1784-426F-850D-3722B1E12A32}.Debug|Any CPU.ActiveCfg = Debug|Any CPU
		{6BE4D166-1784-426F-850D-3722B1E12A32}.Debug|Any CPU.Build.0 = Debug|Any CPU
		{6BE4D166-1784-426F-850D-3722B1E12A32}.Release|Any CPU.ActiveCfg = Release|Any CPU
		{6BE4D166-1784-426F-850D-3722B1E12A32}.Release|Any CPU.Build.0 = Release|Any CPU
	EndGlobalSection
	GlobalSection(SolutionProperties) = preSolution
		HideSolutionNode = FALSE
	EndGlobalSection
	GlobalSection(ExtensibilityGlobals) = postSolution
		SolutionGuid = {BB84459B-4BCA-4521-9C25-693CA235EB01}
	EndGlobalSection
EndGlobal
